
Microsoft Visual Studio Solution File, Format Version 12.00
# Visual Studio Version 17
VisualStudioVersion = 17.11.35208.52
MinimumVisualStudioVersion = 10.0.40219.1
Project("{FAE04EC0-301F-11D3-BF4B-00C04F79EFBC}") = "Imobiliaria", "Imobiliaria\Imobiliaria.csproj", "{30258C90-7394-4E5B-9A36-D659618C45C7}"
EndProject
Global
	GlobalSection(SolutionConfigurationPlatforms) = preSolution
		Debug|Any CPU = Debug|Any CPU
		Release|Any CPU = Release|Any CPU
	EndGlobalSection
	GlobalSection(ProjectConfigurationPlatforms) = postSolution
		{30258C90-7394-4E5B-9A36-D659618C45C7}.Debug|Any CPU.ActiveCfg = Debug|Any CPU
		{30258C90-7394-4E5B-9A36-D659618C45C7}.Debug|Any CPU.Build.0 = Debug|Any CPU
		{30258C90-7394-4E5B-9A36-D659618C45C7}.Release|Any CPU.ActiveCfg = Release|Any CPU
		{30258C90-7394-4E5B-9A36-D659618C45C7}.Release|Any CPU.Build.0 = Release|Any CPU
	EndGlobalSection
	GlobalSection(SolutionProperties) = preSolution
		HideSolutionNode = FALSE
	EndGlobalSection
	GlobalSection(ExtensibilityGlobals) = postSolution
		SolutionGuid = {DF3D2CC0-B29B-4812-80E7-2A5EA954630B}
	EndGlobalSection
EndGlobal
